# This file is automatically @generated by Wally.
# It is not intended for manual editing.
registry = "test"

[[package]]
name = "boatbomber/highlighter"
version = "0.7.0"
dependencies = []

[[package]]
name = "csqrl/codify-plugin"
version = "3.0.0"
dependencies = [["DumpParser", "csqrl/dump-parser@0.1.1"], ["Highlighter", "boatbomber/highlighter@0.7.0"], ["Hooks", "kampfkarren/roact-hooks@0.5.0"], ["Packager", "csqrl/packager@0.1.1"], ["Promise", "evaera/promise@4.0.0"], ["Roact", "roblox/roact@1.4.4"], ["Rodux", "roblox/rodux@4.0.0-rc.0"], ["RoduxHooks", "solarhorizon/rodux-hooks@0.3.0"], ["Sift", "csqrl/sift@0.0.5"], ["StudioPlugin", "csqrl/studio-plugin@1.1.0"], ["StudioTheme", "csqrl/studio-theme@1.0.2"]]

[[package]]
name = "csqrl/dump-parser"
version = "0.1.1"
dependencies = []

[[package]]
name = "csqrl/packager"
version = "0.1.1"
dependencies = [["DumpParser", "csqrl/dump-parser@0.1.1"]]

[[package]]
name = "csqrl/sift"
version = "0.0.5"
dependencies = []

[[package]]
name = "csqrl/studio-plugin"
version = "1.1.0"
dependencies = [["Roact", "roblox/roact@1.4.4"]]

[[package]]
name = "csqrl/studio-theme"
version = "1.0.2"
dependencies = [["Roact", "roblox/roact@1.4.4"]]

[[package]]
name = "evaera/promise"
version = "4.0.0"
dependencies = []

[[package]]
name = "kampfkarren/roact-hooks"
version = "0.5.0"
dependencies = []

[[package]]
name = "roblox/roact"
version = "1.4.4"
dependencies = []

[[package]]
name = "roblox/rodux"
version = "4.0.0-rc.0"
dependencies = []

[[package]]
name = "solarhorizon/rodux-hooks"
version = "0.3.0"
dependencies = [["Roact", "roblox/roact@1.4.4"]]
